// !$*UTF8*$!
{
	archiveVersion = 1;
	classes = {
	};
	objectVersion = 46;
	objects = {

/* Begin PBXBuildFile section */
		838264951A43265600A6CB0D /* AppDelegate.swift in Sources */ = {isa = PBXBuildFile; fileRef = 838264941A43265600A6CB0D /* AppDelegate.swift */; };
		838264971A43265600A6CB0D /* ViewController.swift in Sources */ = {isa = PBXBuildFile; fileRef = 838264961A43265600A6CB0D /* ViewController.swift */; };
		8382649A1A43265600A6CB0D /* Main.storyboard in Resources */ = {isa = PBXBuildFile; fileRef = 838264981A43265600A6CB0D /* Main.storyboard */; };
		8382649C1A43265600A6CB0D /* Images.xcassets in Resources */ = {isa = PBXBuildFile; fileRef = 8382649B1A43265600A6CB0D /* Images.xcassets */; };
		8382649F1A43265600A6CB0D /* LaunchScreen.xib in Resources */ = {isa = PBXBuildFile; fileRef = 8382649D1A43265600A6CB0D /* LaunchScreen.xib */; };
		838264AB1A43265600A6CB0D /* SlotMachineTests.swift in Sources */ = {isa = PBXBuildFile; fileRef = 838264AA1A43265600A6CB0D /* SlotMachineTests.swift */; };
		838264B51A446D6300A6CB0D /* Slot.swift in Sources */ = {isa = PBXBuildFile; fileRef = 838264B41A446D6300A6CB0D /* Slot.swift */; };
/* End PBXBuildFile section */

/* Begin PBXContainerItemProxy section */
		838264A51A43265600A6CB0D /* PBXContainerItemProxy */ = {
			isa = PBXContainerItemProxy;
			containerPortal = 838264871A43265600A6CB0D /* Project object */;
			proxyType = 1;
			remoteGlobalIDString = 8382648E1A43265600A6CB0D;
			remoteInfo = SlotMachine;
		};
/* End PBXContainerItemProxy section */

/* Begin PBXFileReference section */
		8382648F1A43265600A6CB0D /* SlotMachine.app */ = {isa = PBXFileReference; explicitFileType = wrapper.application; includeInIndex = 0; path = SlotMachine.app; sourceTree = BUILT_PRODUCTS_DIR; };
		838264931A43265600A6CB0D /* Info.plist */ = {isa = PBXFileReference; lastKnownFileType = text.plist.xml; path = Info.plist; sourceTree = "<group>"; };
		838264941A43265600A6CB0D /* AppDelegate.swift */ = {isa = PBXFileReference; lastKnownFileType = sourcecode.swift; path = AppDelegate.swift; sourceTree = "<group>"; };
		838264961A43265600A6CB0D /* ViewController.swift */ = {isa = PBXFileReference; lastKnownFileType = sourcecode.swift; path = ViewController.swift; sourceTree = "<group>"; };
		838264991A43265600A6CB0D /* Base */ = {isa = PBXFileReference; lastKnownFileType = file.storyboard; name = Base; path = Base.lproj/Main.storyboard; sourceTree = "<group>"; };
		8382649B1A43265600A6CB0D /* Images.xcassets */ = {isa = PBXFileReference; lastKnownFileType = folder.assetcatalog; path = Images.xcassets; sourceTree = "<group>"; };
		8382649E1A43265600A6CB0D /* Base */ = {isa = PBXFileReference; lastKnownFileType = file.xib; name = Base; path = Base.lproj/LaunchScreen.xib; sourceTree = "<group>"; };
		838264A41A43265600A6CB0D /* SlotMachineTests.xctest */ = {isa = PBXFileReference; explicitFileType = wrapper.cfbundle; includeInIndex = 0; path = SlotMachineTests.xctest; sourceTree = BUILT_PRODUCTS_DIR; };
		838264A91A43265600A6CB0D /* Info.plist */ = {isa = PBXFileReference; lastKnownFileType = text.plist.xml; path = Info.plist; sourceTree = "<group>"; };
		838264AA1A43265600A6CB0D /* SlotMachineTests.swift */ = {isa = PBXFileReference; lastKnownFileType = sourcecode.swift; path = SlotMachineTests.swift; sourceTree = "<group>"; };
		838264B41A446D6300A6CB0D /* Slot.swift */ = {isa = PBXFileReference; fileEncoding = 4; lastKnownFileType = sourcecode.swift; path = Slot.swift; sourceTree = "<group>"; };
/* End PBXFileReference section */

/* Begin PBXFrameworksBuildPhase section */
		8382648C1A43265600A6CB0D /* Frameworks */ = {
			isa = PBXFrameworksBuildPhase;
			buildActionMask = 2147483647;
			files = (
			);
			runOnlyForDeploymentPostprocessing = 0;
		};
		838264A11A43265600A6CB0D /* Frameworks */ = {
			isa = PBXFrameworksBuildPhase;
			buildActionMask = 2147483647;
			files = (
			);
			runOnlyForDeploymentPostprocessing = 0;
		};
/* End PBXFrameworksBuildPhase section */

/* Begin PBXGroup section */
		838264861A43265600A6CB0D = {
			isa = PBXGroup;
			children = (
				838264911A43265600A6CB0D /* SlotMachine */,
				838264A71A43265600A6CB0D /* SlotMachineTests */,
				838264901A43265600A6CB0D /* Products */,
			);
			sourceTree = "<group>";
		};
		838264901A43265600A6CB0D /* Products */ = {
			isa = PBXGroup;
			children = (
				8382648F1A43265600A6CB0D /* SlotMachine.app */,
				838264A41A43265600A6CB0D /* SlotMachineTests.xctest */,
			);
			name = Products;
			sourceTree = "<group>";
		};
		838264911A43265600A6CB0D /* SlotMachine */ = {
			isa = PBXGroup;
			children = (
				838264941A43265600A6CB0D /* AppDelegate.swift */,
				838264961A43265600A6CB0D /* ViewController.swift */,
				838264B41A446D6300A6CB0D /* Slot.swift */,
				838264981A43265600A6CB0D /* Main.storyboard */,
				8382649B1A43265600A6CB0D /* Images.xcassets */,
				8382649D1A43265600A6CB0D /* LaunchScreen.xib */,
				838264921A43265600A6CB0D /* Supporting Files */,
			);
			path = SlotMachine;
			sourceTree = "<group>";
		};
		838264921A43265600A6CB0D /* Supporting Files */ = {
			isa = PBXGroup;
			children = (
				838264931A43265600A6CB0D /* Info.plist */,
			);
			name = "Supporting Files";
			sourceTree = "<group>";
		};
		838264A71A43265600A6CB0D /* SlotMachineTests */ = {
			isa = PBXGroup;
			children = (
				838264AA1A43265600A6CB0D /* SlotMachineTests.swift */,
				838264A81A43265600A6CB0D /* Supporting Files */,
			);
			path = SlotMachineTests;
			sourceTree = "<group>";
		};
		838264A81A43265600A6CB0D /* Supporting Files */ = {
			isa = PBXGroup;
			children = (
				838264A91A43265600A6CB0D /* Info.plist */,
			);
			name = "Supporting Files";
			sourceTree = "<group>";
		};
/* End PBXGroup section */

/* Begin PBXNativeTarget section */
		8382648E1A43265600A6CB0D /* SlotMachine */ = {
			isa = PBXNativeTarget;
			buildConfigurationList = 838264AE1A43265600A6CB0D /* Build configuration list for PBXNativeTarget "SlotMachine" */;
			buildPhases = (
				8382648B1A43265600A6CB0D /* Sources */,
				8382648C1A43265600A6CB0D /* Frameworks */,
				8382648D1A43265600A6CB0D /* Resources */,
			);
			buildRules = (
			);
			dependencies = (
			);
			name = SlotMachine;
			productName = SlotMachine;
			productReference = 8382648F1A43265600A6CB0D /* SlotMachine.app */;
			productType = "com.apple.product-type.application";
		};
		838264A31A43265600A6CB0D /* SlotMachineTests */ = {
			isa = PBXNativeTarget;
			buildConfigurationList = 838264B11A43265600A6CB0D /* Build configuration list for PBXNativeTarget "SlotMachineTests" */;
			buildPhases = (
				838264A01A43265600A6CB0D /* Sources */,
				838264A11A43265600A6CB0D /* Frameworks */,
				838264A21A43265600A6CB0D /* Resources */,
			);
			buildRules = (
			);
			dependencies = (
				838264A61A43265600A6CB0D /* PBXTargetDependency */,
			);
			name = SlotMachineTests;
			productName = SlotMachineTests;
			productReference = 838264A41A43265600A6CB0D /* SlotMachineTests.xctest */;
			productType = "com.apple.product-type.bundle.unit-test";
		};
/* End PBXNativeTarget section */

/* Begin PBXProject section */
		838264871A43265600A6CB0D /* Project object */ = {
			isa = PBXProject;
			attributes = {
				LastUpgradeCheck = 0610;
				ORGANIZATIONNAME = "Krzysztof Kula";
				TargetAttributes = {
					8382648E1A43265600A6CB0D = {
						CreatedOnToolsVersion = 6.1.1;
					};
					838264A31A43265600A6CB0D = {
						CreatedOnToolsVersion = 6.1.1;
						TestTargetID = 8382648E1A43265600A6CB0D;
					};
				};
			};
			buildConfigurationList = 8382648A1A43265600A6CB0D /* Build configuration list for PBXProject "SlotMachine" */;
			compatibilityVersion = "Xcode 3.2";
			developmentRegion = English;
			hasScannedForEncodings = 0;
			knownRegions = (
				en,
				Base,
			);
			mainGroup = 838264861A43265600A6CB0D;
			productRefGroup = 838264901A43265600A6CB0D /* Products */;
			projectDirPath = "";
			projectRoot = "";
			targets = (
				8382648E1A43265600A6CB0D /* SlotMachine */,
				838264A31A43265600A6CB0D /* SlotMachineTests */,
			);
		};
/* End PBXProject section */

/* Begin PBXResourcesBuildPhase section */
		8382648D1A43265600A6CB0D /* Resources */ = {
			isa = PBXResourcesBuildPhase;
			buildActionMask = 2147483647;
			files = (
				8382649A1A43265600A6CB0D /* Main.storyboard in Resources */,
				8382649F1A43265600A6CB0D /* LaunchScreen.xib in Resources */,
				8382649C1A43265600A6CB0D /* Images.xcassets in Resources */,
			);
			runOnlyForDeploymentPostprocessing = 0;
		};
		838264A21A43265600A6CB0D /* Resources */ = {
			isa = PBXResourcesBuildPhase;
			buildActionMask = 2147483647;
			files = (
			);
			runOnlyForDeploymentPostprocessing = 0;
		};
/* End PBXResourcesBuildPhase section */

/* Begin PBXSourcesBuildPhase section */
		8382648B1A43265600A6CB0D /* Sources */ = {
			isa = PBXSourcesBuildPhase;
			buildActionMask = 2147483647;
			files = (
				838264971A43265600A6CB0D /* ViewController.swift in Sources */,
				838264B51A446D6300A6CB0D /* Slot.swift in Sources */,
				838264951A43265600A6CB0D /* AppDelegate.swift in Sources */,
			);
			runOnlyForDeploymentPostprocessing = 0;
		};
		838264A01A43265600A6CB0D /* Sources */ = {
			isa = PBXSourcesBuildPhase;
			buildActionMask = 2147483647;
			files = (
				838264AB1A43265600A6CB0D /* SlotMachineTests.swift in Sources */,
			);
			runOnlyForDeploymentPostprocessing = 0;
		};
/* End PBXSourcesBuildPhase section */

/* Begin PBXTargetDependency section */
		838264A61A43265600A6CB0D /* PBXTargetDependency */ = {
			isa = PBXTargetDependency;
			target = 8382648E1A43265600A6CB0D /* SlotMachine */;
			targetProxy = 838264A51A43265600A6CB0D /* PBXContainerItemProxy */;
		};
/* End PBXTargetDependency section */

/* Begin PBXVariantGroup section */
		838264981A43265600A6CB0D /* Main.storyboard */ = {
			isa = PBXVariantGroup;
			children = (
				838264991A43265600A6CB0D /* Base */,
			);
			name = Main.storyboard;
			sourceTree = "<group>";
		};
		8382649D1A43265600A6CB0D /* LaunchScreen.xib */ = {
			isa = PBXVariantGroup;
			children = (
				8382649E1A43265600A6CB0D /* Base */,
			);
			name = LaunchScreen.xib;
			sourceTree = "<group>";
		};
/* End PBXVariantGroup section */

/* Begin XCBuildConfiguration section */
		838264AC1A43265600A6CB0D /* Debug */ = {
			isa = XCBuildConfiguration;
			buildSettings = {
				ALWAYS_SEARCH_USER_PATHS = NO;
				CLANG_CXX_LANGUAGE_STANDARD = "gnu++0x";
				CLANG_CXX_LIBRARY = "libc++";
				CLANG_ENABLE_MODULES = YES;
				CLANG_ENABLE_OBJC_ARC = YES;
				CLANG_WARN_BOOL_CONVERSION = YES;
				CLANG_WARN_CONSTANT_CONVERSION = YES;
				CLANG_WARN_DIRECT_OBJC_ISA_USAGE = YES_ERROR;
				CLANG_WARN_EMPTY_BODY = YES;
				CLANG_WARN_ENUM_CONVERSION = YES;
				CLANG_WARN_INT_CONVERSION = YES;
				CLANG_WARN_OBJC_ROOT_CLASS = YES_ERROR;
				CLANG_WARN_UNREACHABLE_CODE = YES;
				CLANG_WARN__DUPLICATE_METHOD_MATCH = YES;
				"CODE_SIGN_IDENTITY[sdk=iphoneos*]" = "iPhone Developer";
				COPY_PHASE_STRIP = NO;
				ENABLE_STRICT_OBJC_MSGSEND = YES;
				GCC_C_LANGUAGE_STANDARD = gnu99;
				GCC_DYNAMIC_NO_PIC = NO;
				GCC_OPTIMIZATION_LEVEL = 0;
				GCC_PREPROCESSOR_DEFINITIONS = (
					"DEBUG=1",
					"$(inherited)",
				);
				GCC_SYMBOLS_PRIVATE_EXTERN = NO;
				GCC_WARN_64_TO_32_BIT_CONVERSION = YES;
				GCC_WARN_ABOUT_RETURN_TYPE = YES_ERROR;
				GCC_WARN_UNDECLARED_SELECTOR = YES;
				GCC_WARN_UNINITIALIZED_AUTOS = YES_AGGRESSIVE;
				GCC_WARN_UNUSED_FUNCTION = YES;
				GCC_WARN_UNUSED_VARIABLE = YES;
				IPHONEOS_DEPLOYMENT_TARGET = 8.1;
				MTL_ENABLE_DEBUG_INFO = YES;
				ONLY_ACTIVE_ARCH = YES;
				SDKROOT = iphoneos;
				SWIFT_OPTIMIZATION_LEVEL = "-Onone";
				TARGETED_DEVICE_FAMILY = "1,2";
			};
			name = Debug;
		};
		838264AD1A43265600A6CB0D /* Release */ = {
			isa = XCBuildConfiguration;
			buildSettings = {
				ALWAYS_SEARCH_USER_PATHS = NO;
				CLANG_CXX_LANGUAGE_STANDARD = "gnu++0x";
				CLANG_CXX_LIBRARY = "libc++";
				CLANG_ENABLE_MODULES = YES;
				CLANG_ENABLE_OBJC_ARC = YES;
				CLANG_WARN_BOOL_CONVERSION = YES;
				CLANG_WARN_CONSTANT_CONVERSION = YES;
				CLANG_WARN_DIRECT_OBJC_ISA_USAGE = YES_ERROR;
				CLANG_WARN_EMPTY_BODY = YES;
				CLANG_WARN_ENUM_CONVERSION = YES;
				CLANG_WARN_INT_CONVERSION = YES;
				CLANG_WARN_OBJC_ROOT_CLASS = YES_ERROR;
				CLANG_WARN_UNREACHABLE_CODE = YES;
				CLANG_WARN__DUPLICATE_METHOD_MATCH = YES;
				"CODE_SIGN_IDENTITY[sdk=iphoneos*]" = "iPhone Developer";
				COPY_PHASE_STRIP = YES;
				ENABLE_NS_ASSERTIONS = NO;
				ENABLE_STRICT_OBJC_MSGSEND = YES;
				GCC_C_LANGUAGE_STANDARD = gnu99;
				GCC_WARN_64_TO_32_BIT_CONVERSION = YES;
				GCC_WARN_ABOUT_RETURN_TYPE = YES_ERROR;
				GCC_WARN_UNDECLARED_SELECTOR = YES;
				GCC_WARN_UNINITIALIZED_AUTOS = YES_AGGRESSIVE;
				GCC_WARN_UNUSED_FUNCTION = YES;
				GCC_WARN_UNUSED_VARIABLE = YES;
				IPHONEOS_DEPLOYMENT_TARGET = 8.1;
				MTL_ENABLE_DEBUG_INFO = NO;
				SDKROOT = iphoneos;
				TARGETED_DEVICE_FAMILY = "1,2";
				VALIDATE_PRODUCT = YES;
			};
			name = Release;
		};
		838264AF1A43265600A6CB0D /* Debug */ = {
			isa = XCBuildConfiguration;
			buildSettings = {
				ASSETCATALOG_COMPILER_APPICON_NAME = AppIcon;
				INFOPLIST_FILE = SlotMachine/Info.plist;
				LD_RUNPATH_SEARCH_PATHS = "$(inherited) @executable_path/Frameworks";
				PRODUCT_NAME = "$(TARGET_NAME)";
			};
			name = Debug;
		};
		838264B01A43265600A6CB0D /* Release */ = {
			isa = XCBuildConfiguration;
			buildSettings = {
				ASSETCATALOG_COMPILER_APPICON_NAME = AppIcon;
				INFOPLIST_FILE = SlotMachine/Info.plist;
				LD_RUNPATH_SEARCH_PATHS = "$(inherited) @executable_path/Frameworks";
				PRODUCT_NAME = "$(TARGET_NAME)";
			};
			name = Release;
		};
		838264B21A43265600A6CB0D /* Debug */ = {
			isa = XCBuildConfiguration;
			buildSettings = {
				BUNDLE_LOADER = "$(TEST_HOST)";
				FRAMEWORK_SEARCH_PATHS = (
					"$(SDKROOT)/Developer/Library/Frameworks",
					"$(inherited)",
				);
				GCC_PREPROCESSOR_DEFINITIONS = (
					"DEBUG=1",
					"$(inherited)",
				);
				INFOPLIST_FILE = SlotMachineTests/Info.plist;
				LD_RUNPATH_SEARCH_PATHS = "$(inherited) @executable_path/Frameworks @loader_path/Frameworks";
				PRODUCT_NAME = "$(TARGET_NAME)";
				TEST_HOST = "$(BUILT_PRODUCTS_DIR)/SlotMachine.app/SlotMachine";
			};
			name = Debug;
		};
		838264B31A43265600A6CB0D /* Release */ = {
			isa = XCBuildConfiguration;
			buildSettings = {
				BUNDLE_LOADER = "$(TEST_HOST)";
				FRAMEWORK_SEARCH_PATHS = (
					"$(SDKROOT)/Developer/Library/Frameworks",
					"$(inherited)",
				);
				INFOPLIST_FILE = SlotMachineTests/Info.plist;
				LD_RUNPATH_SEARCH_PATHS = "$(inherited) @executable_path/Frameworks @loader_path/Frameworks";
				PRODUCT_NAME = "$(TARGET_NAME)";
				TEST_HOST = "$(BUILT_PRODUCTS_DIR)/SlotMachine.app/SlotMachine";
			};
			name = Release;
		};
/* End XCBuildConfiguration section */

/* Begin XCConfigurationList section */
		8382648A1A43265600A6CB0D /* Build configuration list for PBXProject "SlotMachine" */ = {
			isa = XCConfigurationList;
			buildConfigurations = (
				838264AC1A43265600A6CB0D /* Debug */,
				838264AD1A43265600A6CB0D /* Release */,
			);
			defaultConfigurationIsVisible = 0;
			defaultConfigurationName = Release;
		};
		838264AE1A43265600A6CB0D /* Build configuration list for PBXNativeTarget "SlotMachine" */ = {
			isa = XCConfigurationList;
			buildConfigurations = (
				838264AF1A43265600A6CB0D /* Debug */,
				838264B01A43265600A6CB0D /* Release */,
			);
			defaultConfigurationIsVisible = 0;
		};
		838264B11A43265600A6CB0D /* Build configuration list for PBXNativeTarget "SlotMachineTests" */ = {
			isa = XCConfigurationList;
			buildConfigurations = (
				838264B21A43265600A6CB0D /* Debug */,
				838264B31A43265600A6CB0D /* Release */,
			);
			defaultConfigurationIsVisible = 0;
		};
/* End XCConfigurationList section */
	};
	rootObject = 838264871A43265600A6CB0D /* Project object */;
}
